{
    "_readme": [
        "This file locks the dependencies of your project to a known state",
        "Read more about it at https://getcomposer.org/doc/01-basic-usage.md#composer-lock-the-lock-file",
        "This file is @generated automatically"
    ],
    "content-hash": "aa35a44edaf6b2d4a60fe79f3b4f81c9",
    "packages": [
        {
            "name": "gargron/fileupload",
            "version": "v1.5.1",
            "source": {
                "type": "git",
                "url": "https://github.com/Gargron/fileupload.git",
                "reference": "1b7327f62e6d61bd56a3a5dc079af06d084efd39"
            },
            "dist": {
                "type": "zip",
                "url": "https://api.github.com/repos/Gargron/fileupload/zipball/1b7327f62e6d61bd56a3a5dc079af06d084efd39",
                "reference": "1b7327f62e6d61bd56a3a5dc079af06d084efd39",
                "shasum": ""
            },
            "require": {
                "php": "~7.0"
            },
            "require-dev": {
                "phpunit/phpunit": "^6.0"
            },
            "type": "library",
            "autoload": {
                "psr-0": {
                    "FileUpload\\": "src/"
                }
            },
            "notification-url": "https://packagist.org/downloads/",
            "license": [
                "MIT"
            ],
            "description": "File uploading library capable of handling large/chunked/multiple file uploads",
            "time": "2019-02-14T10:12:34+00:00"
        }
    ],
    "packages-dev": [],
    "aliases": [],
    "minimum-stability": "stable",
    "stability-flags": [],
    "prefer-stable": false,
    "prefer-lowest": false,
    "platform": [],
    "platform-dev": []
}
